// !$*UTF8*$!
{
	archiveVersion = 1;
	classes = {
	};
	objectVersion = 46;
	objects = {

/* Begin PBXBuildFile section */
		8F147E7619CB473F00D49225 /* AppDelegate.swift in Sources */ = {isa = PBXBuildFile; fileRef = 8F147E7519CB473F00D49225 /* AppDelegate.swift */; };
		8F147E7819CB473F00D49225 /* ViewController.swift in Sources */ = {isa = PBXBuildFile; fileRef = 8F147E7719CB473F00D49225 /* ViewController.swift */; };
		8F147E7B19CB473F00D49225 /* Main.storyboard in Resources */ = {isa = PBXBuildFile; fileRef = 8F147E7919CB473F00D49225 /* Main.storyboard */; };
		8F147E7D19CB473F00D49225 /* Images.xcassets in Resources */ = {isa = PBXBuildFile; fileRef = 8F147E7C19CB473F00D49225 /* Images.xcassets */; };
		8F147E8919CB473F00D49225 /* BarkTests.swift in Sources */ = {isa = PBXBuildFile; fileRef = 8F147E8819CB473F00D49225 /* BarkTests.swift */; };
/* End PBXBuildFile section */

/* Begin PBXContainerItemProxy section */
		8F147E8319CB473F00D49225 /* PBXContainerItemProxy */ = {
			isa = PBXContainerItemProxy;
			containerPortal = 8F147E6819CB473F00D49225 /* Project object */;
			proxyType = 1;
			remoteGlobalIDString = 8F147E6F19CB473F00D49225;
			remoteInfo = Bark;
		};
/* End PBXContainerItemProxy section */

/* Begin PBXFileReference section */
		8F147E7019CB473F00D49225 /* Bark.app */ = {isa = PBXFileReference; explicitFileType = wrapper.application; includeInIndex = 0; path = Bark.app; sourceTree = BUILT_PRODUCTS_DIR; };
		8F147E7419CB473F00D49225 /* Info.plist */ = {isa = PBXFileReference; lastKnownFileType = text.plist.xml; path = Info.plist; sourceTree = "<group>"; };
		8F147E7519CB473F00D49225 /* AppDelegate.swift */ = {isa = PBXFileReference; lastKnownFileType = sourcecode.swift; path = AppDelegate.swift; sourceTree = "<group>"; };
		8F147E7719CB473F00D49225 /* ViewController.swift */ = {isa = PBXFileReference; lastKnownFileType = sourcecode.swift; path = ViewController.swift; sourceTree = "<group>"; };
		8F147E7A19CB473F00D49225 /* Base */ = {isa = PBXFileReference; lastKnownFileType = file.storyboard; name = Base; path = Base.lproj/Main.storyboard; sourceTree = "<group>"; };
		8F147E7C19CB473F00D49225 /* Images.xcassets */ = {isa = PBXFileReference; lastKnownFileType = folder.assetcatalog; path = Images.xcassets; sourceTree = "<group>"; };
		8F147E8219CB473F00D49225 /* BarkTests.xctest */ = {isa = PBXFileReference; explicitFileType = wrapper.cfbundle; includeInIndex = 0; path = BarkTests.xctest; sourceTree = BUILT_PRODUCTS_DIR; };
		8F147E8719CB473F00D49225 /* Info.plist */ = {isa = PBXFileReference; lastKnownFileType = text.plist.xml; path = Info.plist; sourceTree = "<group>"; };
		8F147E8819CB473F00D49225 /* BarkTests.swift */ = {isa = PBXFileReference; lastKnownFileType = sourcecode.swift; path = BarkTests.swift; sourceTree = "<group>"; };
/* End PBXFileReference section */

/* Begin PBXFrameworksBuildPhase section */
		8F147E6D19CB473F00D49225 /* Frameworks */ = {
			isa = PBXFrameworksBuildPhase;
			buildActionMask = 2147483647;
			files = (
			);
			runOnlyForDeploymentPostprocessing = 0;
		};
		8F147E7F19CB473F00D49225 /* Frameworks */ = {
			isa = PBXFrameworksBuildPhase;
			buildActionMask = 2147483647;
			files = (
			);
			runOnlyForDeploymentPostprocessing = 0;
		};
/* End PBXFrameworksBuildPhase section */

/* Begin PBXGroup section */
		8F147E6719CB473F00D49225 = {
			isa = PBXGroup;
			children = (
				8F147E7219CB473F00D49225 /* Bark */,
				8F147E8519CB473F00D49225 /* BarkTests */,
				8F147E7119CB473F00D49225 /* Products */,
			);
			sourceTree = "<group>";
		};
		8F147E7119CB473F00D49225 /* Products */ = {
			isa = PBXGroup;
			children = (
				8F147E7019CB473F00D49225 /* Bark.app */,
				8F147E8219CB473F00D49225 /* BarkTests.xctest */,
			);
			name = Products;
			sourceTree = "<group>";
		};
		8F147E7219CB473F00D49225 /* Bark */ = {
			isa = PBXGroup;
			children = (
				8F147E7519CB473F00D49225 /* AppDelegate.swift */,
				8F147E7719CB473F00D49225 /* ViewController.swift */,
				8F147E7919CB473F00D49225 /* Main.storyboard */,
				8F147E7C19CB473F00D49225 /* Images.xcassets */,
				8F147E7319CB473F00D49225 /* Supporting Files */,
			);
			path = Bark;
			sourceTree = "<group>";
		};
		8F147E7319CB473F00D49225 /* Supporting Files */ = {
			isa = PBXGroup;
			children = (
				8F147E7419CB473F00D49225 /* Info.plist */,
			);
			name = "Supporting Files";
			sourceTree = "<group>";
		};
		8F147E8519CB473F00D49225 /* BarkTests */ = {
			isa = PBXGroup;
			children = (
				8F147E8819CB473F00D49225 /* BarkTests.swift */,
				8F147E8619CB473F00D49225 /* Supporting Files */,
			);
			path = BarkTests;
			sourceTree = "<group>";
		};
		8F147E8619CB473F00D49225 /* Supporting Files */ = {
			isa = PBXGroup;
			children = (
				8F147E8719CB473F00D49225 /* Info.plist */,
			);
			name = "Supporting Files";
			sourceTree = "<group>";
		};
/* End PBXGroup section */

/* Begin PBXNativeTarget section */
		8F147E6F19CB473F00D49225 /* Bark */ = {
			isa = PBXNativeTarget;
			buildConfigurationList = 8F147E8C19CB473F00D49225 /* Build configuration list for PBXNativeTarget "Bark" */;
			buildPhases = (
				8F147E6C19CB473F00D49225 /* Sources */,
				8F147E6D19CB473F00D49225 /* Frameworks */,
				8F147E6E19CB473F00D49225 /* Resources */,
			);
			buildRules = (
			);
			dependencies = (
			);
			name = Bark;
			productName = Bark;
			productReference = 8F147E7019CB473F00D49225 /* Bark.app */;
			productType = "com.apple.product-type.application";
		};
		8F147E8119CB473F00D49225 /* BarkTests */ = {
			isa = PBXNativeTarget;
			buildConfigurationList = 8F147E8F19CB473F00D49225 /* Build configuration list for PBXNativeTarget "BarkTests" */;
			buildPhases = (
				8F147E7E19CB473F00D49225 /* Sources */,
				8F147E7F19CB473F00D49225 /* Frameworks */,
				8F147E8019CB473F00D49225 /* Resources */,
			);
			buildRules = (
			);
			dependencies = (
				8F147E8419CB473F00D49225 /* PBXTargetDependency */,
			);
			name = BarkTests;
			productName = BarkTests;
			productReference = 8F147E8219CB473F00D49225 /* BarkTests.xctest */;
			productType = "com.apple.product-type.bundle.unit-test";
		};
/* End PBXNativeTarget section */

/* Begin PBXProject section */
		8F147E6819CB473F00D49225 /* Project object */ = {
			isa = PBXProject;
			attributes = {
				LastUpgradeCheck = 0600;
				ORGANIZATIONNAME = "Jatin Pandey";
				TargetAttributes = {
					8F147E6F19CB473F00D49225 = {
						CreatedOnToolsVersion = 6.0;
					};
					8F147E8119CB473F00D49225 = {
						CreatedOnToolsVersion = 6.0;
						TestTargetID = 8F147E6F19CB473F00D49225;
					};
				};
			};
			buildConfigurationList = 8F147E6B19CB473F00D49225 /* Build configuration list for PBXProject "Bark" */;
			compatibilityVersion = "Xcode 3.2";
			developmentRegion = English;
			hasScannedForEncodings = 0;
			knownRegions = (
				en,
				Base,
			);
			mainGroup = 8F147E6719CB473F00D49225;
			productRefGroup = 8F147E7119CB473F00D49225 /* Products */;
			projectDirPath = "";
			projectRoot = "";
			targets = (
				8F147E6F19CB473F00D49225 /* Bark */,
				8F147E8119CB473F00D49225 /* BarkTests */,
			);
		};
/* End PBXProject section */

/* Begin PBXResourcesBuildPhase section */
		8F147E6E19CB473F00D49225 /* Resources */ = {
			isa = PBXResourcesBuildPhase;
			buildActionMask = 2147483647;
			files = (
				8F147E7B19CB473F00D49225 /* Main.storyboard in Resources */,
				8F147E7D19CB473F00D49225 /* Images.xcassets in Resources */,
			);
			runOnlyForDeploymentPostprocessing = 0;
		};
		8F147E8019CB473F00D49225 /* Resources */ = {
			isa = PBXResourcesBuildPhase;
			buildActionMask = 2147483647;
			files = (
			);
			runOnlyForDeploymentPostprocessing = 0;
		};
/* End PBXResourcesBuildPhase section */

/* Begin PBXSourcesBuildPhase section */
		8F147E6C19CB473F00D49225 /* Sources */ = {
			isa = PBXSourcesBuildPhase;
			buildActionMask = 2147483647;
			files = (
				8F147E7819CB473F00D49225 /* ViewController.swift in Sources */,
				8F147E7619CB473F00D49225 /* AppDelegate.swift in Sources */,
			);
			runOnlyForDeploymentPostprocessing = 0;
		};
		8F147E7E19CB473F00D49225 /* Sources */ = {
			isa = PBXSourcesBuildPhase;
			buildActionMask = 2147483647;
			files = (
				8F147E8919CB473F00D49225 /* BarkTests.swift in Sources */,
			);
			runOnlyForDeploymentPostprocessing = 0;
		};
/* End PBXSourcesBuildPhase section */

/* Begin PBXTargetDependency section */
		8F147E8419CB473F00D49225 /* PBXTargetDependency */ = {
			isa = PBXTargetDependency;
			target = 8F147E6F19CB473F00D49225 /* Bark */;
			targetProxy = 8F147E8319CB473F00D49225 /* PBXContainerItemProxy */;
		};
/* End PBXTargetDependency section */

/* Begin PBXVariantGroup section */
		8F147E7919CB473F00D49225 /* Main.storyboard */ = {
			isa = PBXVariantGroup;
			children = (
				8F147E7A19CB473F00D49225 /* Base */,
			);
			name = Main.storyboard;
			sourceTree = "<group>";
		};
/* End PBXVariantGroup section */

/* Begin XCBuildConfiguration section */
		8F147E8A19CB473F00D49225 /* Debug */ = {
			isa = XCBuildConfiguration;
			buildSettings = {
				ALWAYS_SEARCH_USER_PATHS = NO;
				CLANG_CXX_LANGUAGE_STANDARD = "gnu++0x";
				CLANG_CXX_LIBRARY = "libc++";
				CLANG_ENABLE_MODULES = YES;
				CLANG_ENABLE_OBJC_ARC = YES;
				CLANG_WARN_BOOL_CONVERSION = YES;
				CLANG_WARN_CONSTANT_CONVERSION = YES;
				CLANG_WARN_DIRECT_OBJC_ISA_USAGE = YES_ERROR;
				CLANG_WARN_EMPTY_BODY = YES;
				CLANG_WARN_ENUM_CONVERSION = YES;
				CLANG_WARN_INT_CONVERSION = YES;
				CLANG_WARN_OBJC_ROOT_CLASS = YES_ERROR;
				CLANG_WARN_UNREACHABLE_CODE = YES;
				CLANG_WARN__DUPLICATE_METHOD_MATCH = YES;
				"CODE_SIGN_IDENTITY[sdk=iphoneos*]" = "iPhone Developer";
				COPY_PHASE_STRIP = NO;
				ENABLE_STRICT_OBJC_MSGSEND = YES;
				GCC_C_LANGUAGE_STANDARD = gnu99;
				GCC_DYNAMIC_NO_PIC = NO;
				GCC_OPTIMIZATION_LEVEL = 0;
				GCC_PREPROCESSOR_DEFINITIONS = (
					"DEBUG=1",
					"$(inherited)",
				);
				GCC_SYMBOLS_PRIVATE_EXTERN = NO;
				GCC_WARN_64_TO_32_BIT_CONVERSION = YES;
				GCC_WARN_ABOUT_RETURN_TYPE = YES_ERROR;
				GCC_WARN_UNDECLARED_SELECTOR = YES;
				GCC_WARN_UNINITIALIZED_AUTOS = YES_AGGRESSIVE;
				GCC_WARN_UNUSED_FUNCTION = YES;
				GCC_WARN_UNUSED_VARIABLE = YES;
				IPHONEOS_DEPLOYMENT_TARGET = 8.0;
				MTL_ENABLE_DEBUG_INFO = YES;
				ONLY_ACTIVE_ARCH = YES;
				SDKROOT = iphoneos;
				SWIFT_OPTIMIZATION_LEVEL = "-Onone";
			};
			name = Debug;
		};
		8F147E8B19CB473F00D49225 /* Release */ = {
			isa = XCBuildConfiguration;
			buildSettings = {
				ALWAYS_SEARCH_USER_PATHS = NO;
				CLANG_CXX_LANGUAGE_STANDARD = "gnu++0x";
				CLANG_CXX_LIBRARY = "libc++";
				CLANG_ENABLE_MODULES = YES;
				CLANG_ENABLE_OBJC_ARC = YES;
				CLANG_WARN_BOOL_CONVERSION = YES;
				CLANG_WARN_CONSTANT_CONVERSION = YES;
				CLANG_WARN_DIRECT_OBJC_ISA_USAGE = YES_ERROR;
				CLANG_WARN_EMPTY_BODY = YES;
				CLANG_WARN_ENUM_CONVERSION = YES;
				CLANG_WARN_INT_CONVERSION = YES;
				CLANG_WARN_OBJC_ROOT_CLASS = YES_ERROR;
				CLANG_WARN_UNREACHABLE_CODE = YES;
				CLANG_WARN__DUPLICATE_METHOD_MATCH = YES;
				"CODE_SIGN_IDENTITY[sdk=iphoneos*]" = "iPhone Developer";
				COPY_PHASE_STRIP = YES;
				ENABLE_NS_ASSERTIONS = NO;
				ENABLE_STRICT_OBJC_MSGSEND = YES;
				GCC_C_LANGUAGE_STANDARD = gnu99;
				GCC_WARN_64_TO_32_BIT_CONVERSION = YES;
				GCC_WARN_ABOUT_RETURN_TYPE = YES_ERROR;
				GCC_WARN_UNDECLARED_SELECTOR = YES;
				GCC_WARN_UNINITIALIZED_AUTOS = YES_AGGRESSIVE;
				GCC_WARN_UNUSED_FUNCTION = YES;
				GCC_WARN_UNUSED_VARIABLE = YES;
				IPHONEOS_DEPLOYMENT_TARGET = 8.0;
				MTL_ENABLE_DEBUG_INFO = NO;
				SDKROOT = iphoneos;
				VALIDATE_PRODUCT = YES;
			};
			name = Release;
		};
		8F147E8D19CB473F00D49225 /* Debug */ = {
			isa = XCBuildConfiguration;
			buildSettings = {
				ASSETCATALOG_COMPILER_APPICON_NAME = AppIcon;
				ASSETCATALOG_COMPILER_LAUNCHIMAGE_NAME = LaunchImage;
				INFOPLIST_FILE = Bark/Info.plist;
				LD_RUNPATH_SEARCH_PATHS = "$(inherited) @executable_path/Frameworks";
				PRODUCT_NAME = "$(TARGET_NAME)";
			};
			name = Debug;
		};
		8F147E8E19CB473F00D49225 /* Release */ = {
			isa = XCBuildConfiguration;
			buildSettings = {
				ASSETCATALOG_COMPILER_APPICON_NAME = AppIcon;
				ASSETCATALOG_COMPILER_LAUNCHIMAGE_NAME = LaunchImage;
				INFOPLIST_FILE = Bark/Info.plist;
				LD_RUNPATH_SEARCH_PATHS = "$(inherited) @executable_path/Frameworks";
				PRODUCT_NAME = "$(TARGET_NAME)";
			};
			name = Release;
		};
		8F147E9019CB473F00D49225 /* Debug */ = {
			isa = XCBuildConfiguration;
			buildSettings = {
				BUNDLE_LOADER = "$(TEST_HOST)";
				FRAMEWORK_SEARCH_PATHS = (
					"$(SDKROOT)/Developer/Library/Frameworks",
					"$(inherited)",
				);
				GCC_PREPROCESSOR_DEFINITIONS = (
					"DEBUG=1",
					"$(inherited)",
				);
				INFOPLIST_FILE = BarkTests/Info.plist;
				LD_RUNPATH_SEARCH_PATHS = "$(inherited) @executable_path/Frameworks @loader_path/Frameworks";
				PRODUCT_NAME = "$(TARGET_NAME)";
				TEST_HOST = "$(BUILT_PRODUCTS_DIR)/Bark.app/Bark";
			};
			name = Debug;
		};
		8F147E9119CB473F00D49225 /* Release */ = {
			isa = XCBuildConfiguration;
			buildSettings = {
				BUNDLE_LOADER = "$(TEST_HOST)";
				FRAMEWORK_SEARCH_PATHS = (
					"$(SDKROOT)/Developer/Library/Frameworks",
					"$(inherited)",
				);
				INFOPLIST_FILE = BarkTests/Info.plist;
				LD_RUNPATH_SEARCH_PATHS = "$(inherited) @executable_path/Frameworks @loader_path/Frameworks";
				PRODUCT_NAME = "$(TARGET_NAME)";
				TEST_HOST = "$(BUILT_PRODUCTS_DIR)/Bark.app/Bark";
			};
			name = Release;
		};
/* End XCBuildConfiguration section */

/* Begin XCConfigurationList section */
		8F147E6B19CB473F00D49225 /* Build configuration list for PBXProject "Bark" */ = {
			isa = XCConfigurationList;
			buildConfigurations = (
				8F147E8A19CB473F00D49225 /* Debug */,
				8F147E8B19CB473F00D49225 /* Release */,
			);
			defaultConfigurationIsVisible = 0;
			defaultConfigurationName = Release;
		};
		8F147E8C19CB473F00D49225 /* Build configuration list for PBXNativeTarget "Bark" */ = {
			isa = XCConfigurationList;
			buildConfigurations = (
				8F147E8D19CB473F00D49225 /* Debug */,
				8F147E8E19CB473F00D49225 /* Release */,
			);
			defaultConfigurationIsVisible = 0;
		};
		8F147E8F19CB473F00D49225 /* Build configuration list for PBXNativeTarget "BarkTests" */ = {
			isa = XCConfigurationList;
			buildConfigurations = (
				8F147E9019CB473F00D49225 /* Debug */,
				8F147E9119CB473F00D49225 /* Release */,
			);
			defaultConfigurationIsVisible = 0;
		};
/* End XCConfigurationList section */
	};
	rootObject = 8F147E6819CB473F00D49225 /* Project object */;
}
